
Microsoft Visual Studio Solution File, Format Version 12.00
# Visual Studio Version 17
VisualStudioVersion = 17.0.32112.339
MinimumVisualStudioVersion = 10.0.40219.1
Project("{FAE04EC0-301F-11D3-BF4B-00C04F79EFBC}") = "FirstAzureFunction", "FirstAzureFunction\FirstAzureFunction.csproj", "{373E0A9A-8303-49DD-95AA-B1F246495F61}"
EndProject
Global
	GlobalSection(SolutionConfigurationPlatforms) = preSolution
		Debug|Any CPU = Debug|Any CPU
		Release|Any CPU = Release|Any CPU
	EndGlobalSection
	GlobalSection(ProjectConfigurationPlatforms) = postSolution
		{373E0A9A-8303-49DD-95AA-B1F246495F61}.Debug|Any CPU.ActiveCfg = Debug|Any CPU
		{373E0A9A-8303-49DD-95AA-B1F246495F61}.Debug|Any CPU.Build.0 = Debug|Any CPU
		{373E0A9A-8303-49DD-95AA-B1F246495F61}.Release|Any CPU.ActiveCfg = Release|Any CPU
		{373E0A9A-8303-49DD-95AA-B1F246495F61}.Release|Any CPU.Build.0 = Release|Any CPU
	EndGlobalSection
	GlobalSection(SolutionProperties) = preSolution
		HideSolutionNode = FALSE
	EndGlobalSection
	GlobalSection(ExtensibilityGlobals) = postSolution
		SolutionGuid = {29C44045-8F69-4362-A7A5-AE5DA92E52F1}
	EndGlobalSection
EndGlobal
